
Microsoft Visual Studio Solution File, Format Version 12.00
# Visual Studio Version 17
VisualStudioVersion = 17.0.31903.59
MinimumVisualStudioVersion = 10.0.40219.1
Project("{FAE04EC0-301F-11D3-BF4B-0000F81527FE}") = "SupermarketSystem.Domain", "SupermarketSystem.Domain\SupermarketSystem.Domain.csproj", "{7A038586-C721-4E7E-A554-776A946DE86D}"
EndProject
Project("{FAE04EC0-301F-11D3-BF4B-0000F81527FE}") = "SupermarketSystem.Application", "SupermarketSystem.Application\SupermarketSystem.Application.csproj", "{F8B92B63-0D07-44D3-B85D-96CF0F566D55}"
EndProject
Project("{FAE04EC0-301F-11D3-BF4B-0000F81527FE}") = "SupermarketSystem.Infrastructure", "SupermarketSystem.Infrastructure\SupermarketSystem.Infrastructure.csproj", "{C642F015-B175-4212-9798-F093899064D5}"
EndProject
Project("{FAE04EC0-301F-11D3-BF4B-0000F81527FE}") = "SupermarketSystem.API", "SupermarketSystem.API\SupermarketSystem.API.csproj", "{2A97FD0F-EE23-4768-A473-5DED6FCED7B1}"
EndProject
Global
	GlobalSection(SolutionConfigurationPlatforms) = preSolution
		Debug|Any CPU = Debug|Any CPU
		Release|Any CPU = Release|Any CPU
	EndGlobalSection
	GlobalSection(ProjectConfigurationPlatforms) = postSolution
		{7A038586-C721-4E7E-A554-776A946DE86D}.Debug|Any CPU.ActiveCfg = Debug|Any CPU
		{7A038586-C721-4E7E-A554-776A946DE86D}.Debug|Any CPU.Build.0 = Debug|Any CPU
		{7A038586-C721-4E7E-A554-776A946DE86D}.Release|Any CPU.ActiveCfg = Release|Any CPU
		{7A038586-C721-4E7E-A554-776A946DE86D}.Release|Any CPU.Build.0 = Release|Any CPU
		{F8B92B63-0D07-44D3-B85D-96CF0F566D55}.Debug|Any CPU.ActiveCfg = Debug|Any CPU
		{F8B92B63-0D07-44D3-B85D-96CF0F566D55}.Debug|Any CPU.Build.0 = Debug|Any CPU
		{F8B92B63-0D07-44D3-B85D-96CF0F566D55}.Release|Any CPU.ActiveCfg = Release|Any CPU
		{F8B92B63-0D07-44D3-B85D-96CF0F566D55}.Release|Any CPU.Build.0 = Release|Any CPU
		{C642F015-B175-4212-9798-F093899064D5}.Debug|Any CPU.ActiveCfg = Debug|Any CPU
		{C642F015-B175-4212-9798-F093899064D5}.Debug|Any CPU.Build.0 = Debug|Any CPU
		{C642F015-B175-4212-9798-F093899064D5}.Release|Any CPU.ActiveCfg = Release|Any CPU
		{C642F015-B175-4212-9798-F093899064D5}.Release|Any CPU.Build.0 = Release|Any CPU
		{2A97FD0F-EE23-4768-A473-5DED6FCED7B1}.Debug|Any CPU.ActiveCfg = Debug|Any CPU
		{2A97FD0F-EE23-4768-A473-5DED6FCED7B1}.Debug|Any CPU.Build.0 = Debug|Any CPU
		{2A97FD0F-EE23-4768-A473-5DED6FCED7B1}.Release|Any CPU.ActiveCfg = Release|Any CPU
		{2A97FD0F-EE23-4768-A473-5DED6FCED7B1}.Release|Any CPU.Build.0 = Release|Any CPU
	EndGlobalSection
	GlobalSection(SolutionProperties) = preSolution
		HideSolutionNode = FALSE
	EndGlobalSection
	GlobalSection(ExtensibilityGlobals) = postSolution
		SolutionGuid = {B5DB6A7B-4D31-4580-A064-AA5AEA872A9D}
	EndGlobalSection
EndGlobal
